<?xml version="1.0" encoding="utf-8"?>
<Project ToolsVersion="4.0" xmlns="http://schemas.microsoft.com/developer/msbuild/2003">
  <ItemGroup>
    <Filter Include="소스 파일">
      <UniqueIdentifier>{4FC737F1-C7A5-4376-A066-2A32D752A2FF}</UniqueIdentifier>
      <Extensions>cpp;c;cc;cxx;def;odl;idl;hpj;bat;asm;asmx</Extensions>
    </Filter>
    <Filter Include="헤더 파일">
      <UniqueIdentifier>{93995380-89BD-4b04-88EB-625FBE52EBFB}</UniqueIdentifier>
      <Extensions>h;hh;hpp;hxx;hm;inl;inc;ipp;xsd</Extensions>
    </Filter>
    <Filter Include="리소스 파일">
      <UniqueIdentifier>{67DA6AB6-F800-4c08-8B7A-83BB121AAD01}</UniqueIdentifier>
      <Extensions>rc;ico;cur;bmp;dlg;rc2;rct;bin;rgs;gif;jpg;jpeg;jpe;resx;tiff;tif;png;wav;mfcribbon-ms</Extensions>
    </Filter>
    <Filter Include="소스 파일\Project">
      <UniqueIdentifier>{5f716bac-169e-41e2-b2d7-f5cfd4102a06}</UniqueIdentifier>
    </Filter>
    <Filter Include="소스 파일\Project\Global">
      <UniqueIdentifier>{da96fe71-1fa8-4a4a-bbdf-a1eb163067ff}</UniqueIdentifier>
    </Filter>
    <Filter Include="소스 파일\Project\Scene">
      <UniqueIdentifier>{c54d790a-bede-4ed8-ba9a-24a6f7a61b26}</UniqueIdentifier>
    </Filter>
    <Filter Include="소스 파일\Project\Scene\sub">
      <UniqueIdentifier>{79128164-76d4-4215-82f3-fb46e3767121}</UniqueIdentifier>
    </Filter>
    <Filter Include="소스 파일\Project\Scene\sub\NewFilter1">
      <UniqueIdentifier>{6cdb2c15-e6ba-414e-98fa-de0ace25c5d3}</UniqueIdentifier>
    </Filter>
    <Filter Include="소스 파일\Project\Game">
      <UniqueIdentifier>{3bc01d22-7bcb-4488-9001-234ab30b8ecc}</UniqueIdentifier>
    </Filter>
    <Filter Include="소스 파일\Project\Game\Object">
      <UniqueIdentifier>{1f2f0da4-ea75-4b1f-88b4-bc4ac354f8a6}</UniqueIdentifier>
    </Filter>
    <Filter Include="소스 파일\Project\Game\Object\sub">
      <UniqueIdentifier>{6cd3fcf3-b167-4025-9095-29d5c70260d0}</UniqueIdentifier>
    </Filter>
  </ItemGroup>
  <ItemGroup>
    <ClInclude Include="pch.h">
      <Filter>헤더 파일</Filter>
    </ClInclude>
    <ClInclude Include="MapData.h">
      <Filter>헤더 파일</Filter>
    </ClInclude>
    <ClInclude Include="Application.h">
      <Filter>소스 파일\Project</Filter>
    </ClInclude>
    <ClInclude Include="SceneManager.h">
      <Filter>소스 파일\Project\Scene</Filter>
    </ClInclude>
    <ClInclude Include="SceneFactory.h">
      <Filter>소스 파일\Project\Scene</Filter>
    </ClInclude>
    <ClInclude Include="Define.h">
      <Filter>소스 파일\Project\Global</Filter>
    </ClInclude>
    <ClInclude Include="Scene.h">
      <Filter>소스 파일\Project\Scene\sub</Filter>
    </ClInclude>
    <ClInclude Include="GameManager.h">
      <Filter>소스 파일\Project\Game</Filter>
    </ClInclude>
    <ClInclude Include="Object.h">
      <Filter>소스 파일\Project\Game\Object</Filter>
    </ClInclude>
    <ClInclude Include="ObjectFactory.h">
      <Filter>헤더 파일</Filter>
    </ClInclude>
    <ClInclude Include="Wall.h">
      <Filter>소스 파일\Project\Game\Object\sub</Filter>
    </ClInclude>
    <ClInclude Include="Player.h">
      <Filter>소스 파일\Project\Game\Object\sub</Filter>
    </ClInclude>
    <ClInclude Include="Monster.h">
      <Filter>소스 파일\Project\Game\Object\sub</Filter>
    </ClInclude>
    <ClInclude Include="Item.h">
      <Filter>소스 파일\Project\Game\Object\sub</Filter>
    </ClInclude>
    <ClInclude Include="Door.h">
      <Filter>소스 파일\Project\Game\Object\sub</Filter>
    </ClInclude>
    <ClInclude Include="Box.h">
      <Filter>소스 파일\Project\Game\Object\sub</Filter>
    </ClInclude>
    <ClInclude Include="Bomb.h">
      <Filter>소스 파일\Project\Game\Object\sub</Filter>
    </ClInclude>
    <ClInclude Include="IntroScene.h">
      <Filter>소스 파일\Project\Scene\sub\NewFilter1</Filter>
    </ClInclude>
    <ClInclude Include="GameScene.h">
      <Filter>소스 파일\Project\Scene\sub\NewFilter1</Filter>
    </ClInclude>
    <ClInclude Include="GameOverScene.h">
      <Filter>소스 파일\Project\Scene\sub\NewFilter1</Filter>
    </ClInclude>
    <ClInclude Include="Ani.h">
      <Filter>소스 파일\Project\Game</Filter>
    </ClInclude>
  </ItemGroup>
  <ItemGroup>
    <ClCompile Include="pch.cpp">
      <Filter>소스 파일</Filter>
    </ClCompile>
    <ClCompile Include="FPS5_HJH.cpp">
      <Filter>소스 파일</Filter>
    </ClCompile>
    <ClCompile Include="MapData.cpp">
      <Filter>소스 파일</Filter>
    </ClCompile>
    <ClCompile Include="Application.cpp">
      <Filter>소스 파일\Project</Filter>
    </ClCompile>
    <ClCompile Include="SceneManager.cpp">
      <Filter>소스 파일\Project\Scene</Filter>
    </ClCompile>
    <ClCompile Include="SceneFactory.cpp">
      <Filter>소스 파일\Project\Scene</Filter>
    </ClCompile>
    <ClCompile Include="Define.cpp">
      <Filter>소스 파일\Project\Global</Filter>
    </ClCompile>
    <ClCompile Include="Scene.cpp">
      <Filter>소스 파일\Project\Scene\sub</Filter>
    </ClCompile>
    <ClCompile Include="GameManager.cpp">
      <Filter>소스 파일\Project\Game</Filter>
    </ClCompile>
    <ClCompile Include="Object.cpp">
      <Filter>소스 파일\Project\Game\Object</Filter>
    </ClCompile>
    <ClCompile Include="ObjectFactory.cpp">
      <Filter>소스 파일</Filter>
    </ClCompile>
    <ClCompile Include="Wall.cpp">
      <Filter>소스 파일\Project\Game\Object\sub</Filter>
    </ClCompile>
    <ClCompile Include="Player.cpp">
      <Filter>소스 파일\Project\Game\Object\sub</Filter>
    </ClCompile>
    <ClCompile Include="Monster.cpp">
      <Filter>소스 파일\Project\Game\Object\sub</Filter>
    </ClCompile>
    <ClCompile Include="Item.cpp">
      <Filter>소스 파일\Project\Game\Object\sub</Filter>
    </ClCompile>
    <ClCompile Include="Door.cpp">
      <Filter>소스 파일\Project\Game\Object\sub</Filter>
    </ClCompile>
    <ClCompile Include="Box.cpp">
      <Filter>소스 파일\Project\Game\Object\sub</Filter>
    </ClCompile>
    <ClCompile Include="Bomb.cpp">
      <Filter>소스 파일\Project\Game\Object\sub</Filter>
    </ClCompile>
    <ClCompile Include="IntroScene.cpp">
      <Filter>소스 파일\Project\Scene\sub\NewFilter1</Filter>
    </ClCompile>
    <ClCompile Include="GameScene.cpp">
      <Filter>소스 파일\Project\Scene\sub\NewFilter1</Filter>
    </ClCompile>
    <ClCompile Include="GameOverScene.cpp">
      <Filter>소스 파일\Project\Scene\sub\NewFilter1</Filter>
    </ClCompile>
    <ClCompile Include="Ani.cpp">
      <Filter>소스 파일\Project\Game</Filter>
    </ClCompile>
  </ItemGroup>
</Project>